// !$*UTF8*$!
{
	archiveVersion = 1;
	classes = {
	};
	objectVersion = 46;
	objects = {

/* Begin PBXBuildFile section */
		79683C461946AB4F0001E8FB /* Foundation.framework in Frameworks */ = {isa = PBXBuildFile; fileRef = 79683C451946AB4F0001E8FB /* Foundation.framework */; };
		79683C481946AB4F0001E8FB /* CoreGraphics.framework in Frameworks */ = {isa = PBXBuildFile; fileRef = 79683C471946AB4F0001E8FB /* CoreGraphics.framework */; };
		79683C4A1946AB4F0001E8FB /* UIKit.framework in Frameworks */ = {isa = PBXBuildFile; fileRef = 79683C491946AB4F0001E8FB /* UIKit.framework */; };
		79683C501946AB4F0001E8FB /* InfoPlist.strings in Resources */ = {isa = PBXBuildFile; fileRef = 79683C4E1946AB4F0001E8FB /* InfoPlist.strings */; };
		79683C521946AB4F0001E8FB /* main.m in Sources */ = {isa = PBXBuildFile; fileRef = 79683C511946AB4F0001E8FB /* main.m */; };
		79683C561946AB4F0001E8FB /* AppDelegate.m in Sources */ = {isa = PBXBuildFile; fileRef = 79683C551946AB4F0001E8FB /* AppDelegate.m */; };
		79683C591946AB4F0001E8FB /* Main.storyboard in Resources */ = {isa = PBXBuildFile; fileRef = 79683C571946AB4F0001E8FB /* Main.storyboard */; };
		79683C5C1946AB4F0001E8FB /* ViewController.m in Sources */ = {isa = PBXBuildFile; fileRef = 79683C5B1946AB4F0001E8FB /* ViewController.m */; };
		79683C5E1946AB4F0001E8FB /* Images.xcassets in Resources */ = {isa = PBXBuildFile; fileRef = 79683C5D1946AB4F0001E8FB /* Images.xcassets */; };
		79683C651946AB4F0001E8FB /* XCTest.framework in Frameworks */ = {isa = PBXBuildFile; fileRef = 79683C641946AB4F0001E8FB /* XCTest.framework */; };
		79683C661946AB4F0001E8FB /* Foundation.framework in Frameworks */ = {isa = PBXBuildFile; fileRef = 79683C451946AB4F0001E8FB /* Foundation.framework */; };
		79683C671946AB4F0001E8FB /* UIKit.framework in Frameworks */ = {isa = PBXBuildFile; fileRef = 79683C491946AB4F0001E8FB /* UIKit.framework */; };
		79683C6F1946AB500001E8FB /* InfoPlist.strings in Resources */ = {isa = PBXBuildFile; fileRef = 79683C6D1946AB500001E8FB /* InfoPlist.strings */; };
		79683C711946AB500001E8FB /* TestRouteTests.m in Sources */ = {isa = PBXBuildFile; fileRef = 79683C701946AB500001E8FB /* TestRouteTests.m */; };
		79683C7D1946AB7D0001E8FB /* JLRoutes.m in Sources */ = {isa = PBXBuildFile; fileRef = 79683C7C1946AB7D0001E8FB /* JLRoutes.m */; };
		79683CC11946DC110001E8FB /* AppURLDefine.m in Sources */ = {isa = PBXBuildFile; fileRef = 79683CC01946DC110001E8FB /* AppURLDefine.m */; };
		79683CC41946DF9D0001E8FB /* Routable.m in Sources */ = {isa = PBXBuildFile; fileRef = 79683CC31946DF9D0001E8FB /* Routable.m */; };
		79683CCE1946F2F60001E8FB /* AvatarDetailViewController.m in Sources */ = {isa = PBXBuildFile; fileRef = 79683CCD1946F2F60001E8FB /* AvatarDetailViewController.m */; };
		79683CD11946F30A0001E8FB /* AvatarListViewController.m in Sources */ = {isa = PBXBuildFile; fileRef = 79683CD01946F30A0001E8FB /* AvatarListViewController.m */; };
		79683CD41946FE810001E8FB /* HHRouter.m in Sources */ = {isa = PBXBuildFile; fileRef = 79683CD31946FE810001E8FB /* HHRouter.m */; };
/* End PBXBuildFile section */

/* Begin PBXContainerItemProxy section */
		79683C681946AB4F0001E8FB /* PBXContainerItemProxy */ = {
			isa = PBXContainerItemProxy;
			containerPortal = 79683C3A1946AB4F0001E8FB /* Project object */;
			proxyType = 1;
			remoteGlobalIDString = 79683C411946AB4F0001E8FB;
			remoteInfo = TestRoute;
		};
/* End PBXContainerItemProxy section */

/* Begin PBXFileReference section */
		79683C421946AB4F0001E8FB /* TestRoute.app */ = {isa = PBXFileReference; explicitFileType = wrapper.application; includeInIndex = 0; path = TestRoute.app; sourceTree = BUILT_PRODUCTS_DIR; };
		79683C451946AB4F0001E8FB /* Foundation.framework */ = {isa = PBXFileReference; lastKnownFileType = wrapper.framework; name = Foundation.framework; path = System/Library/Frameworks/Foundation.framework; sourceTree = SDKROOT; };
		79683C471946AB4F0001E8FB /* CoreGraphics.framework */ = {isa = PBXFileReference; lastKnownFileType = wrapper.framework; name = CoreGraphics.framework; path = System/Library/Frameworks/CoreGraphics.framework; sourceTree = SDKROOT; };
		79683C491946AB4F0001E8FB /* UIKit.framework */ = {isa = PBXFileReference; lastKnownFileType = wrapper.framework; name = UIKit.framework; path = System/Library/Frameworks/UIKit.framework; sourceTree = SDKROOT; };
		79683C4D1946AB4F0001E8FB /* TestRoute-Info.plist */ = {isa = PBXFileReference; lastKnownFileType = text.plist.xml; path = "TestRoute-Info.plist"; sourceTree = "<group>"; };
		79683C4F1946AB4F0001E8FB /* en */ = {isa = PBXFileReference; lastKnownFileType = text.plist.strings; name = en; path = en.lproj/InfoPlist.strings; sourceTree = "<group>"; };
		79683C511946AB4F0001E8FB /* main.m */ = {isa = PBXFileReference; lastKnownFileType = sourcecode.c.objc; path = main.m; sourceTree = "<group>"; };
		79683C531946AB4F0001E8FB /* TestRoute-Prefix.pch */ = {isa = PBXFileReference; lastKnownFileType = sourcecode.c.h; path = "TestRoute-Prefix.pch"; sourceTree = "<group>"; };
		79683C541946AB4F0001E8FB /* AppDelegate.h */ = {isa = PBXFileReference; lastKnownFileType = sourcecode.c.h; path = AppDelegate.h; sourceTree = "<group>"; };
		79683C551946AB4F0001E8FB /* AppDelegate.m */ = {isa = PBXFileReference; lastKnownFileType = sourcecode.c.objc; path = AppDelegate.m; sourceTree = "<group>"; };
		79683C581946AB4F0001E8FB /* Base */ = {isa = PBXFileReference; lastKnownFileType = file.storyboard; name = Base; path = Base.lproj/Main.storyboard; sourceTree = "<group>"; };
		79683C5A1946AB4F0001E8FB /* ViewController.h */ = {isa = PBXFileReference; lastKnownFileType = sourcecode.c.h; path = ViewController.h; sourceTree = "<group>"; };
		79683C5B1946AB4F0001E8FB /* ViewController.m */ = {isa = PBXFileReference; lastKnownFileType = sourcecode.c.objc; path = ViewController.m; sourceTree = "<group>"; };
		79683C5D1946AB4F0001E8FB /* Images.xcassets */ = {isa = PBXFileReference; lastKnownFileType = folder.assetcatalog; path = Images.xcassets; sourceTree = "<group>"; };
		79683C631946AB4F0001E8FB /* TestRouteTests.xctest */ = {isa = PBXFileReference; explicitFileType = wrapper.cfbundle; includeInIndex = 0; path = TestRouteTests.xctest; sourceTree = BUILT_PRODUCTS_DIR; };
		79683C641946AB4F0001E8FB /* XCTest.framework */ = {isa = PBXFileReference; lastKnownFileType = wrapper.framework; name = XCTest.framework; path = Library/Frameworks/XCTest.framework; sourceTree = DEVELOPER_DIR; };
		79683C6C1946AB500001E8FB /* TestRouteTests-Info.plist */ = {isa = PBXFileReference; lastKnownFileType = text.plist.xml; path = "TestRouteTests-Info.plist"; sourceTree = "<group>"; };
		79683C6E1946AB500001E8FB /* en */ = {isa = PBXFileReference; lastKnownFileType = text.plist.strings; name = en; path = en.lproj/InfoPlist.strings; sourceTree = "<group>"; };
		79683C701946AB500001E8FB /* TestRouteTests.m */ = {isa = PBXFileReference; lastKnownFileType = sourcecode.c.objc; path = TestRouteTests.m; sourceTree = "<group>"; };
		79683C7B1946AB7D0001E8FB /* JLRoutes.h */ = {isa = PBXFileReference; fileEncoding = 4; lastKnownFileType = sourcecode.c.h; path = JLRoutes.h; sourceTree = "<group>"; };
		79683C7C1946AB7D0001E8FB /* JLRoutes.m */ = {isa = PBXFileReference; fileEncoding = 4; lastKnownFileType = sourcecode.c.objc; path = JLRoutes.m; sourceTree = "<group>"; };
		79683CBF1946DC110001E8FB /* AppURLDefine.h */ = {isa = PBXFileReference; fileEncoding = 4; lastKnownFileType = sourcecode.c.h; name = AppURLDefine.h; path = TestRoute/AppURLDefine.h; sourceTree = SOURCE_ROOT; };
		79683CC01946DC110001E8FB /* AppURLDefine.m */ = {isa = PBXFileReference; fileEncoding = 4; lastKnownFileType = sourcecode.c.objc; name = AppURLDefine.m; path = TestRoute/AppURLDefine.m; sourceTree = SOURCE_ROOT; };
		79683CC21946DF9D0001E8FB /* Routable.h */ = {isa = PBXFileReference; fileEncoding = 4; lastKnownFileType = sourcecode.c.h; path = Routable.h; sourceTree = "<group>"; };
		79683CC31946DF9D0001E8FB /* Routable.m */ = {isa = PBXFileReference; fileEncoding = 4; lastKnownFileType = sourcecode.c.objc; path = Routable.m; sourceTree = "<group>"; };
		79683CCC1946F2F60001E8FB /* AvatarDetailViewController.h */ = {isa = PBXFileReference; fileEncoding = 4; lastKnownFileType = sourcecode.c.h; path = AvatarDetailViewController.h; sourceTree = "<group>"; };
		79683CCD1946F2F60001E8FB /* AvatarDetailViewController.m */ = {isa = PBXFileReference; fileEncoding = 4; lastKnownFileType = sourcecode.c.objc; path = AvatarDetailViewController.m; sourceTree = "<group>"; };
		79683CCF1946F30A0001E8FB /* AvatarListViewController.h */ = {isa = PBXFileReference; fileEncoding = 4; lastKnownFileType = sourcecode.c.h; path = AvatarListViewController.h; sourceTree = "<group>"; };
		79683CD01946F30A0001E8FB /* AvatarListViewController.m */ = {isa = PBXFileReference; fileEncoding = 4; lastKnownFileType = sourcecode.c.objc; path = AvatarListViewController.m; sourceTree = "<group>"; };
		79683CD21946FE810001E8FB /* HHRouter.h */ = {isa = PBXFileReference; fileEncoding = 4; lastKnownFileType = sourcecode.c.h; path = HHRouter.h; sourceTree = "<group>"; };
		79683CD31946FE810001E8FB /* HHRouter.m */ = {isa = PBXFileReference; fileEncoding = 4; lastKnownFileType = sourcecode.c.objc; path = HHRouter.m; sourceTree = "<group>"; };
/* End PBXFileReference section */

/* Begin PBXFrameworksBuildPhase section */
		79683C3F1946AB4F0001E8FB /* Frameworks */ = {
			isa = PBXFrameworksBuildPhase;
			buildActionMask = 2147483647;
			files = (
				79683C481946AB4F0001E8FB /* CoreGraphics.framework in Frameworks */,
				79683C4A1946AB4F0001E8FB /* UIKit.framework in Frameworks */,
				79683C461946AB4F0001E8FB /* Foundation.framework in Frameworks */,
			);
			runOnlyForDeploymentPostprocessing = 0;
		};
		79683C601946AB4F0001E8FB /* Frameworks */ = {
			isa = PBXFrameworksBuildPhase;
			buildActionMask = 2147483647;
			files = (
				79683C651946AB4F0001E8FB /* XCTest.framework in Frameworks */,
				79683C671946AB4F0001E8FB /* UIKit.framework in Frameworks */,
				79683C661946AB4F0001E8FB /* Foundation.framework in Frameworks */,
			);
			runOnlyForDeploymentPostprocessing = 0;
		};
/* End PBXFrameworksBuildPhase section */

/* Begin PBXGroup section */
		79683C391946AB4F0001E8FB = {
			isa = PBXGroup;
			children = (
				79683C4B1946AB4F0001E8FB /* TestRoute */,
				79683C6A1946AB4F0001E8FB /* TestRouteTests */,
				79683C441946AB4F0001E8FB /* Frameworks */,
				79683C431946AB4F0001E8FB /* Products */,
			);
			sourceTree = "<group>";
		};
		79683C431946AB4F0001E8FB /* Products */ = {
			isa = PBXGroup;
			children = (
				79683C421946AB4F0001E8FB /* TestRoute.app */,
				79683C631946AB4F0001E8FB /* TestRouteTests.xctest */,
			);
			name = Products;
			sourceTree = "<group>";
		};
		79683C441946AB4F0001E8FB /* Frameworks */ = {
			isa = PBXGroup;
			children = (
				79683C451946AB4F0001E8FB /* Foundation.framework */,
				79683C471946AB4F0001E8FB /* CoreGraphics.framework */,
				79683C491946AB4F0001E8FB /* UIKit.framework */,
				79683C641946AB4F0001E8FB /* XCTest.framework */,
			);
			name = Frameworks;
			sourceTree = "<group>";
		};
		79683C4B1946AB4F0001E8FB /* TestRoute */ = {
			isa = PBXGroup;
			children = (
				79683C7A1946AB7D0001E8FB /* Route */,
				79683CBF1946DC110001E8FB /* AppURLDefine.h */,
				79683CC01946DC110001E8FB /* AppURLDefine.m */,
				79683C541946AB4F0001E8FB /* AppDelegate.h */,
				79683C551946AB4F0001E8FB /* AppDelegate.m */,
				79683C571946AB4F0001E8FB /* Main.storyboard */,
				79683C5A1946AB4F0001E8FB /* ViewController.h */,
				79683C5B1946AB4F0001E8FB /* ViewController.m */,
				79683CCC1946F2F60001E8FB /* AvatarDetailViewController.h */,
				79683CCD1946F2F60001E8FB /* AvatarDetailViewController.m */,
				79683CCF1946F30A0001E8FB /* AvatarListViewController.h */,
				79683CD01946F30A0001E8FB /* AvatarListViewController.m */,
				79683C5D1946AB4F0001E8FB /* Images.xcassets */,
				79683C4C1946AB4F0001E8FB /* Supporting Files */,
			);
			path = TestRoute;
			sourceTree = "<group>";
		};
		79683C4C1946AB4F0001E8FB /* Supporting Files */ = {
			isa = PBXGroup;
			children = (
				79683C4D1946AB4F0001E8FB /* TestRoute-Info.plist */,
				79683C4E1946AB4F0001E8FB /* InfoPlist.strings */,
				79683C511946AB4F0001E8FB /* main.m */,
				79683C531946AB4F0001E8FB /* TestRoute-Prefix.pch */,
			);
			name = "Supporting Files";
			sourceTree = "<group>";
		};
		79683C6A1946AB4F0001E8FB /* TestRouteTests */ = {
			isa = PBXGroup;
			children = (
				79683C701946AB500001E8FB /* TestRouteTests.m */,
				79683C6B1946AB500001E8FB /* Supporting Files */,
			);
			path = TestRouteTests;
			sourceTree = "<group>";
		};
		79683C6B1946AB500001E8FB /* Supporting Files */ = {
			isa = PBXGroup;
			children = (
				79683C6C1946AB500001E8FB /* TestRouteTests-Info.plist */,
				79683C6D1946AB500001E8FB /* InfoPlist.strings */,
			);
			name = "Supporting Files";
			sourceTree = "<group>";
		};
		79683C7A1946AB7D0001E8FB /* Route */ = {
			isa = PBXGroup;
			children = (
				79683CD21946FE810001E8FB /* HHRouter.h */,
				79683CD31946FE810001E8FB /* HHRouter.m */,
				79683CC21946DF9D0001E8FB /* Routable.h */,
				79683CC31946DF9D0001E8FB /* Routable.m */,
				79683C7B1946AB7D0001E8FB /* JLRoutes.h */,
				79683C7C1946AB7D0001E8FB /* JLRoutes.m */,
			);
			path = Route;
			sourceTree = "<group>";
		};
/* End PBXGroup section */

/* Begin PBXNativeTarget section */
		79683C411946AB4F0001E8FB /* TestRoute */ = {
			isa = PBXNativeTarget;
			buildConfigurationList = 79683C741946AB500001E8FB /* Build configuration list for PBXNativeTarget "TestRoute" */;
			buildPhases = (
				79683C3E1946AB4F0001E8FB /* Sources */,
				79683C3F1946AB4F0001E8FB /* Frameworks */,
				79683C401946AB4F0001E8FB /* Resources */,
			);
			buildRules = (
			);
			dependencies = (
			);
			name = TestRoute;
			productName = TestRoute;
			productReference = 79683C421946AB4F0001E8FB /* TestRoute.app */;
			productType = "com.apple.product-type.application";
		};
		79683C621946AB4F0001E8FB /* TestRouteTests */ = {
			isa = PBXNativeTarget;
			buildConfigurationList = 79683C771946AB500001E8FB /* Build configuration list for PBXNativeTarget "TestRouteTests" */;
			buildPhases = (
				79683C5F1946AB4F0001E8FB /* Sources */,
				79683C601946AB4F0001E8FB /* Frameworks */,
				79683C611946AB4F0001E8FB /* Resources */,
			);
			buildRules = (
			);
			dependencies = (
				79683C691946AB4F0001E8FB /* PBXTargetDependency */,
			);
			name = TestRouteTests;
			productName = TestRouteTests;
			productReference = 79683C631946AB4F0001E8FB /* TestRouteTests.xctest */;
			productType = "com.apple.product-type.bundle.unit-test";
		};
/* End PBXNativeTarget section */

/* Begin PBXProject section */
		79683C3A1946AB4F0001E8FB /* Project object */ = {
			isa = PBXProject;
			attributes = {
				LastUpgradeCheck = 0500;
				ORGANIZATIONNAME = ShangEE;
				TargetAttributes = {
					79683C411946AB4F0001E8FB = {
						DevelopmentTeam = 8RKUGM73D4;
					};
					79683C621946AB4F0001E8FB = {
						TestTargetID = 79683C411946AB4F0001E8FB;
					};
				};
			};
			buildConfigurationList = 79683C3D1946AB4F0001E8FB /* Build configuration list for PBXProject "TestRoute" */;
			compatibilityVersion = "Xcode 3.2";
			developmentRegion = English;
			hasScannedForEncodings = 0;
			knownRegions = (
				en,
				Base,
			);
			mainGroup = 79683C391946AB4F0001E8FB;
			productRefGroup = 79683C431946AB4F0001E8FB /* Products */;
			projectDirPath = "";
			projectRoot = "";
			targets = (
				79683C411946AB4F0001E8FB /* TestRoute */,
				79683C621946AB4F0001E8FB /* TestRouteTests */,
			);
		};
/* End PBXProject section */

/* Begin PBXResourcesBuildPhase section */
		79683C401946AB4F0001E8FB /* Resources */ = {
			isa = PBXResourcesBuildPhase;
			buildActionMask = 2147483647;
			files = (
				79683C5E1946AB4F0001E8FB /* Images.xcassets in Resources */,
				79683C501946AB4F0001E8FB /* InfoPlist.strings in Resources */,
				79683C591946AB4F0001E8FB /* Main.storyboard in Resources */,
			);
			runOnlyForDeploymentPostprocessing = 0;
		};
		79683C611946AB4F0001E8FB /* Resources */ = {
			isa = PBXResourcesBuildPhase;
			buildActionMask = 2147483647;
			files = (
				79683C6F1946AB500001E8FB /* InfoPlist.strings in Resources */,
			);
			runOnlyForDeploymentPostprocessing = 0;
		};
/* End PBXResourcesBuildPhase section */

/* Begin PBXSourcesBuildPhase section */
		79683C3E1946AB4F0001E8FB /* Sources */ = {
			isa = PBXSourcesBuildPhase;
			buildActionMask = 2147483647;
			files = (
				79683C5C1946AB4F0001E8FB /* ViewController.m in Sources */,
				79683CC41946DF9D0001E8FB /* Routable.m in Sources */,
				79683C7D1946AB7D0001E8FB /* JLRoutes.m in Sources */,
				79683CCE1946F2F60001E8FB /* AvatarDetailViewController.m in Sources */,
				79683C561946AB4F0001E8FB /* AppDelegate.m in Sources */,
				79683C521946AB4F0001E8FB /* main.m in Sources */,
				79683CC11946DC110001E8FB /* AppURLDefine.m in Sources */,
				79683CD11946F30A0001E8FB /* AvatarListViewController.m in Sources */,
				79683CD41946FE810001E8FB /* HHRouter.m in Sources */,
			);
			runOnlyForDeploymentPostprocessing = 0;
		};
		79683C5F1946AB4F0001E8FB /* Sources */ = {
			isa = PBXSourcesBuildPhase;
			buildActionMask = 2147483647;
			files = (
				79683C711946AB500001E8FB /* TestRouteTests.m in Sources */,
			);
			runOnlyForDeploymentPostprocessing = 0;
		};
/* End PBXSourcesBuildPhase section */

/* Begin PBXTargetDependency section */
		79683C691946AB4F0001E8FB /* PBXTargetDependency */ = {
			isa = PBXTargetDependency;
			target = 79683C411946AB4F0001E8FB /* TestRoute */;
			targetProxy = 79683C681946AB4F0001E8FB /* PBXContainerItemProxy */;
		};
/* End PBXTargetDependency section */

/* Begin PBXVariantGroup section */
		79683C4E1946AB4F0001E8FB /* InfoPlist.strings */ = {
			isa = PBXVariantGroup;
			children = (
				79683C4F1946AB4F0001E8FB /* en */,
			);
			name = InfoPlist.strings;
			sourceTree = "<group>";
		};
		79683C571946AB4F0001E8FB /* Main.storyboard */ = {
			isa = PBXVariantGroup;
			children = (
				79683C581946AB4F0001E8FB /* Base */,
			);
			name = Main.storyboard;
			sourceTree = "<group>";
		};
		79683C6D1946AB500001E8FB /* InfoPlist.strings */ = {
			isa = PBXVariantGroup;
			children = (
				79683C6E1946AB500001E8FB /* en */,
			);
			name = InfoPlist.strings;
			sourceTree = "<group>";
		};
/* End PBXVariantGroup section */

/* Begin XCBuildConfiguration section */
		79683C721946AB500001E8FB /* Debug */ = {
			isa = XCBuildConfiguration;
			buildSettings = {
				ALWAYS_SEARCH_USER_PATHS = NO;
				ARCHS = "$(ARCHS_STANDARD_INCLUDING_64_BIT)";
				CLANG_CXX_LANGUAGE_STANDARD = "gnu++0x";
				CLANG_CXX_LIBRARY = "libc++";
				CLANG_ENABLE_MODULES = YES;
				CLANG_ENABLE_OBJC_ARC = YES;
				CLANG_WARN_BOOL_CONVERSION = YES;
				CLANG_WARN_CONSTANT_CONVERSION = YES;
				CLANG_WARN_DIRECT_OBJC_ISA_USAGE = YES_ERROR;
				CLANG_WARN_EMPTY_BODY = YES;
				CLANG_WARN_ENUM_CONVERSION = YES;
				CLANG_WARN_INT_CONVERSION = YES;
				CLANG_WARN_OBJC_ROOT_CLASS = YES_ERROR;
				CLANG_WARN__DUPLICATE_METHOD_MATCH = YES;
				"CODE_SIGN_IDENTITY[sdk=iphoneos*]" = "iPhone Developer";
				COPY_PHASE_STRIP = NO;
				GCC_C_LANGUAGE_STANDARD = gnu99;
				GCC_DYNAMIC_NO_PIC = NO;
				GCC_OPTIMIZATION_LEVEL = 0;
				GCC_PREPROCESSOR_DEFINITIONS = (
					"DEBUG=1",
					"$(inherited)",
				);
				GCC_SYMBOLS_PRIVATE_EXTERN = NO;
				GCC_WARN_64_TO_32_BIT_CONVERSION = YES;
				GCC_WARN_ABOUT_RETURN_TYPE = YES_ERROR;
				GCC_WARN_UNDECLARED_SELECTOR = YES;
				GCC_WARN_UNINITIALIZED_AUTOS = YES;
				GCC_WARN_UNUSED_FUNCTION = YES;
				GCC_WARN_UNUSED_VARIABLE = YES;
				IPHONEOS_DEPLOYMENT_TARGET = 7.0;
				ONLY_ACTIVE_ARCH = YES;
				SDKROOT = iphoneos;
			};
			name = Debug;
		};
		79683C731946AB500001E8FB /* Release */ = {
			isa = XCBuildConfiguration;
			buildSettings = {
				ALWAYS_SEARCH_USER_PATHS = NO;
				ARCHS = "$(ARCHS_STANDARD_INCLUDING_64_BIT)";
				CLANG_CXX_LANGUAGE_STANDARD = "gnu++0x";
				CLANG_CXX_LIBRARY = "libc++";
				CLANG_ENABLE_MODULES = YES;
				CLANG_ENABLE_OBJC_ARC = YES;
				CLANG_WARN_BOOL_CONVERSION = YES;
				CLANG_WARN_CONSTANT_CONVERSION = YES;
				CLANG_WARN_DIRECT_OBJC_ISA_USAGE = YES_ERROR;
				CLANG_WARN_EMPTY_BODY = YES;
				CLANG_WARN_ENUM_CONVERSION = YES;
				CLANG_WARN_INT_CONVERSION = YES;
				CLANG_WARN_OBJC_ROOT_CLASS = YES_ERROR;
				CLANG_WARN__DUPLICATE_METHOD_MATCH = YES;
				"CODE_SIGN_IDENTITY[sdk=iphoneos*]" = "iPhone Developer";
				COPY_PHASE_STRIP = YES;
				ENABLE_NS_ASSERTIONS = NO;
				GCC_C_LANGUAGE_STANDARD = gnu99;
				GCC_WARN_64_TO_32_BIT_CONVERSION = YES;
				GCC_WARN_ABOUT_RETURN_TYPE = YES_ERROR;
				GCC_WARN_UNDECLARED_SELECTOR = YES;
				GCC_WARN_UNINITIALIZED_AUTOS = YES;
				GCC_WARN_UNUSED_FUNCTION = YES;
				GCC_WARN_UNUSED_VARIABLE = YES;
				IPHONEOS_DEPLOYMENT_TARGET = 7.0;
				SDKROOT = iphoneos;
				VALIDATE_PRODUCT = YES;
			};
			name = Release;
		};
		79683C751946AB500001E8FB /* Debug */ = {
			isa = XCBuildConfiguration;
			buildSettings = {
				ASSETCATALOG_COMPILER_APPICON_NAME = AppIcon;
				ASSETCATALOG_COMPILER_LAUNCHIMAGE_NAME = LaunchImage;
				GCC_PRECOMPILE_PREFIX_HEADER = YES;
				GCC_PREFIX_HEADER = "TestRoute/TestRoute-Prefix.pch";
				INFOPLIST_FILE = "TestRoute/TestRoute-Info.plist";
				PRODUCT_NAME = "$(TARGET_NAME)";
				WRAPPER_EXTENSION = app;
			};
			name = Debug;
		};
		79683C761946AB500001E8FB /* Release */ = {
			isa = XCBuildConfiguration;
			buildSettings = {
				ASSETCATALOG_COMPILER_APPICON_NAME = AppIcon;
				ASSETCATALOG_COMPILER_LAUNCHIMAGE_NAME = LaunchImage;
				GCC_PRECOMPILE_PREFIX_HEADER = YES;
				GCC_PREFIX_HEADER = "TestRoute/TestRoute-Prefix.pch";
				INFOPLIST_FILE = "TestRoute/TestRoute-Info.plist";
				PRODUCT_NAME = "$(TARGET_NAME)";
				WRAPPER_EXTENSION = app;
			};
			name = Release;
		};
		79683C781946AB500001E8FB /* Debug */ = {
			isa = XCBuildConfiguration;
			buildSettings = {
				ARCHS = "$(ARCHS_STANDARD_INCLUDING_64_BIT)";
				BUNDLE_LOADER = "$(BUILT_PRODUCTS_DIR)/TestRoute.app/TestRoute";
				FRAMEWORK_SEARCH_PATHS = (
					"$(SDKROOT)/Developer/Library/Frameworks",
					"$(inherited)",
					"$(DEVELOPER_FRAMEWORKS_DIR)",
				);
				GCC_PRECOMPILE_PREFIX_HEADER = YES;
				GCC_PREFIX_HEADER = "TestRoute/TestRoute-Prefix.pch";
				GCC_PREPROCESSOR_DEFINITIONS = (
					"DEBUG=1",
					"$(inherited)",
				);
				INFOPLIST_FILE = "TestRouteTests/TestRouteTests-Info.plist";
				PRODUCT_NAME = "$(TARGET_NAME)";
				TEST_HOST = "$(BUNDLE_LOADER)";
				WRAPPER_EXTENSION = xctest;
			};
			name = Debug;
		};
		79683C791946AB500001E8FB /* Release */ = {
			isa = XCBuildConfiguration;
			buildSettings = {
				ARCHS = "$(ARCHS_STANDARD_INCLUDING_64_BIT)";
				BUNDLE_LOADER = "$(BUILT_PRODUCTS_DIR)/TestRoute.app/TestRoute";
				FRAMEWORK_SEARCH_PATHS = (
					"$(SDKROOT)/Developer/Library/Frameworks",
					"$(inherited)",
					"$(DEVELOPER_FRAMEWORKS_DIR)",
				);
				GCC_PRECOMPILE_PREFIX_HEADER = YES;
				GCC_PREFIX_HEADER = "TestRoute/TestRoute-Prefix.pch";
				INFOPLIST_FILE = "TestRouteTests/TestRouteTests-Info.plist";
				PRODUCT_NAME = "$(TARGET_NAME)";
				TEST_HOST = "$(BUNDLE_LOADER)";
				WRAPPER_EXTENSION = xctest;
			};
			name = Release;
		};
/* End XCBuildConfiguration section */

/* Begin XCConfigurationList section */
		79683C3D1946AB4F0001E8FB /* Build configuration list for PBXProject "TestRoute" */ = {
			isa = XCConfigurationList;
			buildConfigurations = (
				79683C721946AB500001E8FB /* Debug */,
				79683C731946AB500001E8FB /* Release */,
			);
			defaultConfigurationIsVisible = 0;
			defaultConfigurationName = Release;
		};
		79683C741946AB500001E8FB /* Build configuration list for PBXNativeTarget "TestRoute" */ = {
			isa = XCConfigurationList;
			buildConfigurations = (
				79683C751946AB500001E8FB /* Debug */,
				79683C761946AB500001E8FB /* Release */,
			);
			defaultConfigurationIsVisible = 0;
			defaultConfigurationName = Release;
		};
		79683C771946AB500001E8FB /* Build configuration list for PBXNativeTarget "TestRouteTests" */ = {
			isa = XCConfigurationList;
			buildConfigurations = (
				79683C781946AB500001E8FB /* Debug */,
				79683C791946AB500001E8FB /* Release */,
			);
			defaultConfigurationIsVisible = 0;
			defaultConfigurationName = Release;
		};
/* End XCConfigurationList section */
	};
	rootObject = 79683C3A1946AB4F0001E8FB /* Project object */;
}
